
Microsoft Visual Studio Solution File, Format Version 12.00
# Visual Studio Version 17
VisualStudioVersion = 17.13.35931.197
MinimumVisualStudioVersion = 10.0.40219.1
Project("{FAE04EC0-301F-11D3-BF4B-00C04F79EFBC}") = "Weasel", "Weasel.csproj", "{1A874428-7734-4DBB-88FA-489EDD939AE7}"
EndProject
Global
	GlobalSection(SolutionConfigurationPlatforms) = preSolution
		Debug|Any CPU = Debug|Any CPU
		Release|Any CPU = Release|Any CPU
	EndGlobalSection
	GlobalSection(ProjectConfigurationPlatforms) = postSolution
		{1A874428-7734-4DBB-88FA-489EDD939AE7}.Debug|Any CPU.ActiveCfg = Debug|Any CPU
		{1A874428-7734-4DBB-88FA-489EDD939AE7}.Debug|Any CPU.Build.0 = Debug|Any CPU
		{1A874428-7734-4DBB-88FA-489EDD939AE7}.Release|Any CPU.ActiveCfg = Release|Any CPU
		{1A874428-7734-4DBB-88FA-489EDD939AE7}.Release|Any CPU.Build.0 = Release|Any CPU
	EndGlobalSection
	GlobalSection(SolutionProperties) = preSolution
		HideSolutionNode = FALSE
	EndGlobalSection
	GlobalSection(ExtensibilityGlobals) = postSolution
		SolutionGuid = {196221C1-796A-4994-A536-4BFFC7739220}
	EndGlobalSection
EndGlobal
